
Microsoft Visual Studio Solution File, Format Version 12.00
# Visual Studio Version 17
VisualStudioVersion = 17.3.32811.315
MinimumVisualStudioVersion = 10.0.40219.1
Project("{9A19103F-16F7-4668-BE54-9A1E7A4F7556}") = "TXEngine", "TXEngine\TXEngine.csproj", "{BF9929D4-4E54-4527-86A0-B05DA54E3EAC}"
EndProject
Project("{9A19103F-16F7-4668-BE54-9A1E7A4F7556}") = "EngineTest", "EngineTest\EngineTest.csproj", "{4E20A198-71AA-4844-8D3F-8FDB23C6A121}"
EndProject
Global
	GlobalSection(SolutionConfigurationPlatforms) = preSolution
		Debug|Any CPU = Debug|Any CPU
		Debug|x64 = Debug|x64
		Release|Any CPU = Release|Any CPU
		Release|x64 = Release|x64
	EndGlobalSection
	GlobalSection(ProjectConfigurationPlatforms) = postSolution
		{BF9929D4-4E54-4527-86A0-B05DA54E3EAC}.Debug|Any CPU.ActiveCfg = Debug|Any CPU
		{BF9929D4-4E54-4527-86A0-B05DA54E3EAC}.Debug|Any CPU.Build.0 = Debug|Any CPU
		{BF9929D4-4E54-4527-86A0-B05DA54E3EAC}.Debug|x64.ActiveCfg = Debug|Any CPU
		{BF9929D4-4E54-4527-86A0-B05DA54E3EAC}.Debug|x64.Build.0 = Debug|Any CPU
		{BF9929D4-4E54-4527-86A0-B05DA54E3EAC}.Release|Any CPU.ActiveCfg = Release|Any CPU
		{BF9929D4-4E54-4527-86A0-B05DA54E3EAC}.Release|Any CPU.Build.0 = Release|Any CPU
		{BF9929D4-4E54-4527-86A0-B05DA54E3EAC}.Release|x64.ActiveCfg = Release|Any CPU
		{BF9929D4-4E54-4527-86A0-B05DA54E3EAC}.Release|x64.Build.0 = Release|Any CPU
		{4E20A198-71AA-4844-8D3F-8FDB23C6A121}.Debug|Any CPU.ActiveCfg = Debug|Any CPU
		{4E20A198-71AA-4844-8D3F-8FDB23C6A121}.Debug|Any CPU.Build.0 = Debug|Any CPU
		{4E20A198-71AA-4844-8D3F-8FDB23C6A121}.Debug|x64.ActiveCfg = Debug|x64
		{4E20A198-71AA-4844-8D3F-8FDB23C6A121}.Debug|x64.Build.0 = Debug|x64
		{4E20A198-71AA-4844-8D3F-8FDB23C6A121}.Release|Any CPU.ActiveCfg = Release|Any CPU
		{4E20A198-71AA-4844-8D3F-8FDB23C6A121}.Release|Any CPU.Build.0 = Release|Any CPU
		{4E20A198-71AA-4844-8D3F-8FDB23C6A121}.Release|x64.ActiveCfg = Release|x64
		{4E20A198-71AA-4844-8D3F-8FDB23C6A121}.Release|x64.Build.0 = Release|x64
	EndGlobalSection
	GlobalSection(SolutionProperties) = preSolution
		HideSolutionNode = FALSE
	EndGlobalSection
	GlobalSection(ExtensibilityGlobals) = postSolution
		SolutionGuid = {5D658C6B-6F94-4262-A171-532E2F819D8A}
	EndGlobalSection
EndGlobal
